{
  "object": {
    "pins": [
      {
        "package": "base32-swift",
        "repositoryURL": "https://github.com/nixberg/base32-swift",
        "state": {
          "branch": null,
          "revision": "e1ce775d30d74465816ad5ba1799e29cd930a3b4",
          "version": "0.4.0"
        }
      },
      {
        "package": "chacha-rng-swift",
        "repositoryURL": "https://github.com/nixberg/chacha-rng-swift",
        "state": {
          "branch": null,
          "revision": "e4c27fec6d736453511eabc7f02decebd837d5a6",
          "version": "0.7.0"
        }
      },
      {
        "package": "crypto-traits-swift",
        "repositoryURL": "https://github.com/nixberg/crypto-traits-swift",
        "state": {
          "branch": null,
          "revision": "edbb488fbe7a09572e889e026a5aa07e0feb1198",
          "version": "0.2.1"
        }
      },
      {
        "package": "endianbytes-swift",
        "repositoryURL": "https://github.com/nixberg/endianbytes-swift",
        "state": {
          "branch": null,
          "revision": "c58c2275ba94c50de2573c5a1df3f5ceb2089cb4",
          "version": "0.5.1"
        }
      },
      {
        "package": "subtle-swift",
        "repositoryURL": "https://github.com/nixberg/subtle-swift",
        "state": {
          "branch": null,
          "revision": "c71c45c0cabbd1809ebaf3b328684b04bac1c851",
          "version": "0.10.0"
        }
      },
      {
        "package": "xoodyak-swift",
        "repositoryURL": "https://github.com/nixberg/xoodyak-swift",
        "state": {
          "branch": null,
          "revision": "47fc202d90d8f2c5af1a5a6b7e0698599a147c52",
          "version": "0.3.1"
        }
      }
    ]
  },
  "version": 1
}
