{
  "object": {
    "pins": [
      {
        "package": "base32-swift",
        "repositoryURL": "https://github.com/nixberg/base32-swift",
        "state": {
          "branch": null,
          "revision": "5f740fd7f86ddd719f2af6c4dab21c4920a590e9",
          "version": "0.6.0"
        }
      },
      {
        "package": "chacha-rng-swift",
        "repositoryURL": "https://github.com/nixberg/chacha-rng-swift",
        "state": {
          "branch": null,
          "revision": "e4c27fec6d736453511eabc7f02decebd837d5a6",
          "version": "0.7.0"
        }
      },
      {
        "package": "subtle-swift",
        "repositoryURL": "https://github.com/nixberg/subtle-swift",
        "state": {
          "branch": null,
          "revision": "bfe1e1a45656c05a89e8a677b3ee5215eeaef18e",
          "version": "0.11.0"
        }
      },
      {
        "package": "xoodyak-swift",
        "repositoryURL": "https://github.com/nixberg/xoodyak-swift",
        "state": {
          "branch": null,
          "revision": "5f43d30b301e6791f27b2782e3e1671788610bce",
          "version": "0.2.0"
        }
      }
    ]
  },
  "version": 1
}
